
Microsoft Visual Studio Solution File, Format Version 12.00
# Visual Studio Version 17
VisualStudioVersion = 17.11.35219.272
MinimumVisualStudioVersion = 10.0.40219.1
Project("{2150E333-8FDC-42A3-9474-1A3956D46DE8}") = "src", "src", "{D4589CCB-B2FD-4A11-808E-1EA130F51775}"
EndProject
Project("{FAE04EC0-301F-11D3-BF4B-00C04F79EFBC}") = "WebApi", "WebApi\WebApi.csproj", "{9FD976EB-CD2C-412D-9716-1CE32B3686E1}"
EndProject
Global
	GlobalSection(SolutionConfigurationPlatforms) = preSolution
		Debug|Any CPU = Debug|Any CPU
		Release|Any CPU = Release|Any CPU
	EndGlobalSection
	GlobalSection(ProjectConfigurationPlatforms) = postSolution
		{9FD976EB-CD2C-412D-9716-1CE32B3686E1}.Debug|Any CPU.ActiveCfg = Debug|Any CPU
		{9FD976EB-CD2C-412D-9716-1CE32B3686E1}.Debug|Any CPU.Build.0 = Debug|Any CPU
		{9FD976EB-CD2C-412D-9716-1CE32B3686E1}.Release|Any CPU.ActiveCfg = Release|Any CPU
		{9FD976EB-CD2C-412D-9716-1CE32B3686E1}.Release|Any CPU.Build.0 = Release|Any CPU
	EndGlobalSection
	GlobalSection(SolutionProperties) = preSolution
		HideSolutionNode = FALSE
	EndGlobalSection
	GlobalSection(NestedProjects) = preSolution
		{9FD976EB-CD2C-412D-9716-1CE32B3686E1} = {D4589CCB-B2FD-4A11-808E-1EA130F51775}
	EndGlobalSection
	GlobalSection(ExtensibilityGlobals) = postSolution
		SolutionGuid = {60A860C7-00F8-46CC-BDB9-7708DF7C9CAC}
	EndGlobalSection
EndGlobal
